
Microsoft Visual Studio Solution File, Format Version 12.00
# Visual Studio Version 16
VisualStudioVersion = 16.0.30011.22
MinimumVisualStudioVersion = 10.0.40219.1
Project("{FAE04EC0-301F-11D3-BF4B-00C04F79EFBC}") = "FormularioVacunacion", "FormularioVacunacion\FormularioVacunacion.csproj", "{636ABD4A-F2D9-410D-8F36-5E84D47AC591}"
EndProject
Project("{2150E333-8FDC-42A3-9474-1A3956D46DE8}") = "Solution Items", "Solution Items", "{AC80E7D9-5059-4AC7-8EA5-F97FEB7BEEEF}"
	ProjectSection(SolutionItems) = preProject
		estilos.css = estilos.css
	EndProjectSection
EndProject
Global
	GlobalSection(SolutionConfigurationPlatforms) = preSolution
		Debug|Any CPU = Debug|Any CPU
		Release|Any CPU = Release|Any CPU
	EndGlobalSection
	GlobalSection(ProjectConfigurationPlatforms) = postSolution
		{636ABD4A-F2D9-410D-8F36-5E84D47AC591}.Debug|Any CPU.ActiveCfg = Debug|Any CPU
		{636ABD4A-F2D9-410D-8F36-5E84D47AC591}.Debug|Any CPU.Build.0 = Debug|Any CPU
		{636ABD4A-F2D9-410D-8F36-5E84D47AC591}.Release|Any CPU.ActiveCfg = Release|Any CPU
		{636ABD4A-F2D9-410D-8F36-5E84D47AC591}.Release|Any CPU.Build.0 = Release|Any CPU
	EndGlobalSection
	GlobalSection(SolutionProperties) = preSolution
		HideSolutionNode = FALSE
	EndGlobalSection
	GlobalSection(ExtensibilityGlobals) = postSolution
		SolutionGuid = {10B967CC-E5B9-460C-9569-6C5F02A1D89A}
	EndGlobalSection
EndGlobal
